
Microsoft Visual Studio Solution File, Format Version 12.00
# Visual Studio Version 16
VisualStudioVersion = 16.0.31129.286
MinimumVisualStudioVersion = 10.0.40219.1
Project("{9A19103F-16F7-4668-BE54-9A1E7A4F7556}") = "Webforum", "Webforum\Webforum.csproj", "{7B43AD8B-0F8D-48B5-A276-16419A0536E6}"
EndProject
Global
	GlobalSection(SolutionConfigurationPlatforms) = preSolution
		Debug|Any CPU = Debug|Any CPU
		Release|Any CPU = Release|Any CPU
	EndGlobalSection
	GlobalSection(ProjectConfigurationPlatforms) = postSolution
		{7B43AD8B-0F8D-48B5-A276-16419A0536E6}.Debug|Any CPU.ActiveCfg = Debug|Any CPU
		{7B43AD8B-0F8D-48B5-A276-16419A0536E6}.Debug|Any CPU.Build.0 = Debug|Any CPU
		{7B43AD8B-0F8D-48B5-A276-16419A0536E6}.Release|Any CPU.ActiveCfg = Release|Any CPU
		{7B43AD8B-0F8D-48B5-A276-16419A0536E6}.Release|Any CPU.Build.0 = Release|Any CPU
	EndGlobalSection
	GlobalSection(SolutionProperties) = preSolution
		HideSolutionNode = FALSE
	EndGlobalSection
	GlobalSection(ExtensibilityGlobals) = postSolution
		SolutionGuid = {DA46C2B2-629F-4E50-BB22-72C39FAD58B8}
	EndGlobalSection
EndGlobal
